
Microsoft Visual Studio Solution File, Format Version 12.00
# Visual Studio Version 17
VisualStudioVersion = 17.5.2.0
MinimumVisualStudioVersion = 10.0.40219.1
Project("{FAE04EC0-301F-11D3-BF4B-00C04F79EFBC}") = "TodoApi", "TodoApi.csproj", "{8E71EDA4-FE1C-2822-A6C9-812607CDF2E0}"
EndProject
Project("{FAE04EC0-301F-11D3-BF4B-00C04F79EFBC}") = "API", "API\API.csproj", "{300DB573-8B94-453A-B7BA-4DFB9F90E554}"
EndProject
Project("{FAE04EC0-301F-11D3-BF4B-00C04F79EFBC}") = "Application", "Application\Application.csproj", "{DF9DBEC3-2403-4F03-BE70-6681C143D18D}"
EndProject
Project("{FAE04EC0-301F-11D3-BF4B-00C04F79EFBC}") = "Domain", "Domain\Domain.csproj", "{0381A94A-F3DA-4828-B564-6ABF16997A47}"
EndProject
Project("{FAE04EC0-301F-11D3-BF4B-00C04F79EFBC}") = "Infrastructure", "Infrastructure\Infrastructure.csproj", "{BD3999DD-B577-42C0-AF3A-9F631337EF73}"
EndProject
Project("{FAE04EC0-301F-11D3-BF4B-00C04F79EFBC}") = "Infrastructure.Persistence.Ef", "Infrastructure.Persistence.Ef\Infrastructure.Persistence.Ef.csproj", "{A1EED5F3-0098-4D1F-92C2-00856954CCEF}"
EndProject
Project("{FAE04EC0-301F-11D3-BF4B-00C04F79EFBC}") = "Domain.Test", "Domain.Test\Domain.Test.csproj", "{9566BCE8-600E-401E-8169-CC147107A192}"
EndProject
Project("{FAE04EC0-301F-11D3-BF4B-00C04F79EFBC}") = "Application.Test", "Application.Test\Application.Test.csproj", "{8A0BCB21-8E99-45B2-997B-2F8FB6580B18}"
EndProject
Global
	GlobalSection(SolutionConfigurationPlatforms) = preSolution
		Debug|Any CPU = Debug|Any CPU
		Debug|x64 = Debug|x64
		Debug|x86 = Debug|x86
		Release|Any CPU = Release|Any CPU
		Release|x64 = Release|x64
		Release|x86 = Release|x86
	EndGlobalSection
	GlobalSection(ProjectConfigurationPlatforms) = postSolution
		{8E71EDA4-FE1C-2822-A6C9-812607CDF2E0}.Debug|Any CPU.ActiveCfg = Debug|Any CPU
		{8E71EDA4-FE1C-2822-A6C9-812607CDF2E0}.Debug|Any CPU.Build.0 = Debug|Any CPU
		{8E71EDA4-FE1C-2822-A6C9-812607CDF2E0}.Debug|x64.ActiveCfg = Debug|Any CPU
		{8E71EDA4-FE1C-2822-A6C9-812607CDF2E0}.Debug|x64.Build.0 = Debug|Any CPU
		{8E71EDA4-FE1C-2822-A6C9-812607CDF2E0}.Debug|x86.ActiveCfg = Debug|Any CPU
		{8E71EDA4-FE1C-2822-A6C9-812607CDF2E0}.Debug|x86.Build.0 = Debug|Any CPU
		{8E71EDA4-FE1C-2822-A6C9-812607CDF2E0}.Release|Any CPU.ActiveCfg = Release|Any CPU
		{8E71EDA4-FE1C-2822-A6C9-812607CDF2E0}.Release|Any CPU.Build.0 = Release|Any CPU
		{8E71EDA4-FE1C-2822-A6C9-812607CDF2E0}.Release|x64.ActiveCfg = Release|Any CPU
		{8E71EDA4-FE1C-2822-A6C9-812607CDF2E0}.Release|x64.Build.0 = Release|Any CPU
		{8E71EDA4-FE1C-2822-A6C9-812607CDF2E0}.Release|x86.ActiveCfg = Release|Any CPU
		{8E71EDA4-FE1C-2822-A6C9-812607CDF2E0}.Release|x86.Build.0 = Release|Any CPU
		{300DB573-8B94-453A-B7BA-4DFB9F90E554}.Debug|Any CPU.ActiveCfg = Debug|Any CPU
		{300DB573-8B94-453A-B7BA-4DFB9F90E554}.Debug|Any CPU.Build.0 = Debug|Any CPU
		{300DB573-8B94-453A-B7BA-4DFB9F90E554}.Debug|x64.ActiveCfg = Debug|Any CPU
		{300DB573-8B94-453A-B7BA-4DFB9F90E554}.Debug|x64.Build.0 = Debug|Any CPU
		{300DB573-8B94-453A-B7BA-4DFB9F90E554}.Debug|x86.ActiveCfg = Debug|Any CPU
		{300DB573-8B94-453A-B7BA-4DFB9F90E554}.Debug|x86.Build.0 = Debug|Any CPU
		{300DB573-8B94-453A-B7BA-4DFB9F90E554}.Release|Any CPU.ActiveCfg = Release|Any CPU
		{300DB573-8B94-453A-B7BA-4DFB9F90E554}.Release|Any CPU.Build.0 = Release|Any CPU
		{300DB573-8B94-453A-B7BA-4DFB9F90E554}.Release|x64.ActiveCfg = Release|Any CPU
		{300DB573-8B94-453A-B7BA-4DFB9F90E554}.Release|x64.Build.0 = Release|Any CPU
		{300DB573-8B94-453A-B7BA-4DFB9F90E554}.Release|x86.ActiveCfg = Release|Any CPU
		{300DB573-8B94-453A-B7BA-4DFB9F90E554}.Release|x86.Build.0 = Release|Any CPU
		{DF9DBEC3-2403-4F03-BE70-6681C143D18D}.Debug|Any CPU.ActiveCfg = Debug|Any CPU
		{DF9DBEC3-2403-4F03-BE70-6681C143D18D}.Debug|Any CPU.Build.0 = Debug|Any CPU
		{DF9DBEC3-2403-4F03-BE70-6681C143D18D}.Debug|x64.ActiveCfg = Debug|Any CPU
		{DF9DBEC3-2403-4F03-BE70-6681C143D18D}.Debug|x64.Build.0 = Debug|Any CPU
		{DF9DBEC3-2403-4F03-BE70-6681C143D18D}.Debug|x86.ActiveCfg = Debug|Any CPU
		{DF9DBEC3-2403-4F03-BE70-6681C143D18D}.Debug|x86.Build.0 = Debug|Any CPU
		{DF9DBEC3-2403-4F03-BE70-6681C143D18D}.Release|Any CPU.ActiveCfg = Release|Any CPU
		{DF9DBEC3-2403-4F03-BE70-6681C143D18D}.Release|Any CPU.Build.0 = Release|Any CPU
		{DF9DBEC3-2403-4F03-BE70-6681C143D18D}.Release|x64.ActiveCfg = Release|Any CPU
		{DF9DBEC3-2403-4F03-BE70-6681C143D18D}.Release|x64.Build.0 = Release|Any CPU
		{DF9DBEC3-2403-4F03-BE70-6681C143D18D}.Release|x86.ActiveCfg = Release|Any CPU
		{DF9DBEC3-2403-4F03-BE70-6681C143D18D}.Release|x86.Build.0 = Release|Any CPU
		{0381A94A-F3DA-4828-B564-6ABF16997A47}.Debug|Any CPU.ActiveCfg = Debug|Any CPU
		{0381A94A-F3DA-4828-B564-6ABF16997A47}.Debug|Any CPU.Build.0 = Debug|Any CPU
		{0381A94A-F3DA-4828-B564-6ABF16997A47}.Debug|x64.ActiveCfg = Debug|Any CPU
		{0381A94A-F3DA-4828-B564-6ABF16997A47}.Debug|x64.Build.0 = Debug|Any CPU
		{0381A94A-F3DA-4828-B564-6ABF16997A47}.Debug|x86.ActiveCfg = Debug|Any CPU
		{0381A94A-F3DA-4828-B564-6ABF16997A47}.Debug|x86.Build.0 = Debug|Any CPU
		{0381A94A-F3DA-4828-B564-6ABF16997A47}.Release|Any CPU.ActiveCfg = Release|Any CPU
		{0381A94A-F3DA-4828-B564-6ABF16997A47}.Release|Any CPU.Build.0 = Release|Any CPU
		{0381A94A-F3DA-4828-B564-6ABF16997A47}.Release|x64.ActiveCfg = Release|Any CPU
		{0381A94A-F3DA-4828-B564-6ABF16997A47}.Release|x64.Build.0 = Release|Any CPU
		{0381A94A-F3DA-4828-B564-6ABF16997A47}.Release|x86.ActiveCfg = Release|Any CPU
		{0381A94A-F3DA-4828-B564-6ABF16997A47}.Release|x86.Build.0 = Release|Any CPU
		{BD3999DD-B577-42C0-AF3A-9F631337EF73}.Debug|Any CPU.ActiveCfg = Debug|Any CPU
		{BD3999DD-B577-42C0-AF3A-9F631337EF73}.Debug|Any CPU.Build.0 = Debug|Any CPU
		{BD3999DD-B577-42C0-AF3A-9F631337EF73}.Debug|x64.ActiveCfg = Debug|Any CPU
		{BD3999DD-B577-42C0-AF3A-9F631337EF73}.Debug|x64.Build.0 = Debug|Any CPU
		{BD3999DD-B577-42C0-AF3A-9F631337EF73}.Debug|x86.ActiveCfg = Debug|Any CPU
		{BD3999DD-B577-42C0-AF3A-9F631337EF73}.Debug|x86.Build.0 = Debug|Any CPU
		{BD3999DD-B577-42C0-AF3A-9F631337EF73}.Release|Any CPU.ActiveCfg = Release|Any CPU
		{BD3999DD-B577-42C0-AF3A-9F631337EF73}.Release|Any CPU.Build.0 = Release|Any CPU
		{BD3999DD-B577-42C0-AF3A-9F631337EF73}.Release|x64.ActiveCfg = Release|Any CPU
		{BD3999DD-B577-42C0-AF3A-9F631337EF73}.Release|x64.Build.0 = Release|Any CPU
		{BD3999DD-B577-42C0-AF3A-9F631337EF73}.Release|x86.ActiveCfg = Release|Any CPU
		{BD3999DD-B577-42C0-AF3A-9F631337EF73}.Release|x86.Build.0 = Release|Any CPU
		{A1EED5F3-0098-4D1F-92C2-00856954CCEF}.Debug|Any CPU.ActiveCfg = Debug|Any CPU
		{A1EED5F3-0098-4D1F-92C2-00856954CCEF}.Debug|Any CPU.Build.0 = Debug|Any CPU
		{A1EED5F3-0098-4D1F-92C2-00856954CCEF}.Debug|x64.ActiveCfg = Debug|Any CPU
		{A1EED5F3-0098-4D1F-92C2-00856954CCEF}.Debug|x64.Build.0 = Debug|Any CPU
		{A1EED5F3-0098-4D1F-92C2-00856954CCEF}.Debug|x86.ActiveCfg = Debug|Any CPU
		{A1EED5F3-0098-4D1F-92C2-00856954CCEF}.Debug|x86.Build.0 = Debug|Any CPU
		{A1EED5F3-0098-4D1F-92C2-00856954CCEF}.Release|Any CPU.ActiveCfg = Release|Any CPU
		{A1EED5F3-0098-4D1F-92C2-00856954CCEF}.Release|Any CPU.Build.0 = Release|Any CPU
		{A1EED5F3-0098-4D1F-92C2-00856954CCEF}.Release|x64.ActiveCfg = Release|Any CPU
		{A1EED5F3-0098-4D1F-92C2-00856954CCEF}.Release|x64.Build.0 = Release|Any CPU
		{A1EED5F3-0098-4D1F-92C2-00856954CCEF}.Release|x86.ActiveCfg = Release|Any CPU
		{A1EED5F3-0098-4D1F-92C2-00856954CCEF}.Release|x86.Build.0 = Release|Any CPU
		{9566BCE8-600E-401E-8169-CC147107A192}.Debug|Any CPU.ActiveCfg = Debug|Any CPU
		{9566BCE8-600E-401E-8169-CC147107A192}.Debug|Any CPU.Build.0 = Debug|Any CPU
		{9566BCE8-600E-401E-8169-CC147107A192}.Debug|x64.ActiveCfg = Debug|Any CPU
		{9566BCE8-600E-401E-8169-CC147107A192}.Debug|x64.Build.0 = Debug|Any CPU
		{9566BCE8-600E-401E-8169-CC147107A192}.Debug|x86.ActiveCfg = Debug|Any CPU
		{9566BCE8-600E-401E-8169-CC147107A192}.Debug|x86.Build.0 = Debug|Any CPU
		{9566BCE8-600E-401E-8169-CC147107A192}.Release|Any CPU.ActiveCfg = Release|Any CPU
		{9566BCE8-600E-401E-8169-CC147107A192}.Release|Any CPU.Build.0 = Release|Any CPU
		{9566BCE8-600E-401E-8169-CC147107A192}.Release|x64.ActiveCfg = Release|Any CPU
		{9566BCE8-600E-401E-8169-CC147107A192}.Release|x64.Build.0 = Release|Any CPU
		{9566BCE8-600E-401E-8169-CC147107A192}.Release|x86.ActiveCfg = Release|Any CPU
		{9566BCE8-600E-401E-8169-CC147107A192}.Release|x86.Build.0 = Release|Any CPU
		{8A0BCB21-8E99-45B2-997B-2F8FB6580B18}.Debug|Any CPU.ActiveCfg = Debug|Any CPU
		{8A0BCB21-8E99-45B2-997B-2F8FB6580B18}.Debug|Any CPU.Build.0 = Debug|Any CPU
		{8A0BCB21-8E99-45B2-997B-2F8FB6580B18}.Debug|x64.ActiveCfg = Debug|Any CPU
		{8A0BCB21-8E99-45B2-997B-2F8FB6580B18}.Debug|x64.Build.0 = Debug|Any CPU
		{8A0BCB21-8E99-45B2-997B-2F8FB6580B18}.Debug|x86.ActiveCfg = Debug|Any CPU
		{8A0BCB21-8E99-45B2-997B-2F8FB6580B18}.Debug|x86.Build.0 = Debug|Any CPU
		{8A0BCB21-8E99-45B2-997B-2F8FB6580B18}.Release|Any CPU.ActiveCfg = Release|Any CPU
		{8A0BCB21-8E99-45B2-997B-2F8FB6580B18}.Release|Any CPU.Build.0 = Release|Any CPU
		{8A0BCB21-8E99-45B2-997B-2F8FB6580B18}.Release|x64.ActiveCfg = Release|Any CPU
		{8A0BCB21-8E99-45B2-997B-2F8FB6580B18}.Release|x64.Build.0 = Release|Any CPU
		{8A0BCB21-8E99-45B2-997B-2F8FB6580B18}.Release|x86.ActiveCfg = Release|Any CPU
		{8A0BCB21-8E99-45B2-997B-2F8FB6580B18}.Release|x86.Build.0 = Release|Any CPU
	EndGlobalSection
	GlobalSection(SolutionProperties) = preSolution
		HideSolutionNode = FALSE
	EndGlobalSection
	GlobalSection(ExtensibilityGlobals) = postSolution
		SolutionGuid = {CE7EEBD5-6CD4-4D65-B541-0C94A083BABC}
	EndGlobalSection
EndGlobal
